
Microsoft Visual Studio Solution File, Format Version 12.00
# Visual Studio Version 16
VisualStudioVersion = 16.0.28922.388
MinimumVisualStudioVersion = 10.0.40219.1
Project("{FAE04EC0-301F-11D3-BF4B-00C04F79EFBC}") = "AccountLogInApplication", "AccountLogInApplication\AccountLogInApplication.csproj", "{7F73A112-7BCA-48C4-9DAF-A68704CFA4DB}"
EndProject
Global
	GlobalSection(SolutionConfigurationPlatforms) = preSolution
		Debug|Any CPU = Debug|Any CPU
		Release|Any CPU = Release|Any CPU
	EndGlobalSection
	GlobalSection(ProjectConfigurationPlatforms) = postSolution
		{7F73A112-7BCA-48C4-9DAF-A68704CFA4DB}.Debug|Any CPU.ActiveCfg = Debug|Any CPU
		{7F73A112-7BCA-48C4-9DAF-A68704CFA4DB}.Debug|Any CPU.Build.0 = Debug|Any CPU
		{7F73A112-7BCA-48C4-9DAF-A68704CFA4DB}.Release|Any CPU.ActiveCfg = Release|Any CPU
		{7F73A112-7BCA-48C4-9DAF-A68704CFA4DB}.Release|Any CPU.Build.0 = Release|Any CPU
	EndGlobalSection
	GlobalSection(SolutionProperties) = preSolution
		HideSolutionNode = FALSE
	EndGlobalSection
	GlobalSection(ExtensibilityGlobals) = postSolution
		SolutionGuid = {559DE296-2C28-4A3A-A1C8-19EF2845F1AC}
	EndGlobalSection
EndGlobal
